Microsoft Visual Studio Solution File, Format Version 12.00
# Visual Studio Version 17
VisualStudioVersion = 17.5.2.0
MinimumVisualStudioVersion = 10.0.40219.1
Project("{FAE04EC0-301F-11D3-BF4B-00C04F79EFBC}") = "RealtimeChatApplication", "RealtimeChatApplication.csproj", "{29402AE6-89AD-3771-4CE3-71E1DC0D534E}"
EndProject
Global
	GlobalSection(SolutionConfigurationPlatforms) = preSolution
		Debug|Any CPU = Debug|Any CPU
		Release|Any CPU = Release|Any CPU
	EndGlobalSection
	GlobalSection(ProjectConfigurationPlatforms) = postSolution
		{29402AE6-89AD-3771-4CE3-71E1DC0D534E}.Debug|Any CPU.ActiveCfg = Debug|Any CPU
		{29402AE6-89AD-3771-4CE3-71E1DC0D534E}.Debug|Any CPU.Build.0 = Debug|Any CPU
		{29402AE6-89AD-3771-4CE3-71E1DC0D534E}.Release|Any CPU.ActiveCfg = Release|Any CPU
		{29402AE6-89AD-3771-4CE3-71E1DC0D534E}.Release|Any CPU.Build.0 = Release|Any CPU
	EndGlobalSection
	GlobalSection(SolutionProperties) = preSolution
		HideSolutionNode = FALSE
	EndGlobalSection
	GlobalSection(ExtensibilityGlobals) = postSolution
		SolutionGuid = {6EB8BD8C-F24B-461B-8872-82305110B0FE}
	EndGlobalSection
EndGlobal
